Microsoft Visual Studio Solution File, Format Version 12.00
# Visual Studio Version 17
VisualStudioVersion = 17.0.31903.59
MinimumVisualStudioVersion = 10.0.40219.1
Project("{FAE04EC0-301F-11D3-BF4B-00C04F79EFBC}") = "CodexUsageSidebar.Core", "src\CodexUsageSidebar.Core\CodexUsageSidebar.Core.csproj", "{781CD85A-3A37-4E69-A384-5631CF4A5DC1}"
EndProject
Project("{FAE04EC0-301F-11D3-BF4B-00C04F79EFBC}") = "CodexUsageSidebar.Core.Tests", "tests\CodexUsageSidebar.Core.Tests\CodexUsageSidebar.Core.Tests.csproj", "{841D6D50-8F1E-463B-828C-D1F6730251B7}"
EndProject
Global
	GlobalSection(SolutionConfigurationPlatforms) = preSolution
		Debug|Any CPU = Debug|Any CPU
		Release|Any CPU = Release|Any CPU
	EndGlobalSection
	GlobalSection(ProjectConfigurationPlatforms) = postSolution
		{781CD85A-3A37-4E69-A384-5631CF4A5DC1}.Debug|Any CPU.ActiveCfg = Debug|Any CPU
		{781CD85A-3A37-4E69-A384-5631CF4A5DC1}.Debug|Any CPU.Build.0 = Debug|Any CPU
		{781CD85A-3A37-4E69-A384-5631CF4A5DC1}.Release|Any CPU.ActiveCfg = Release|Any CPU
		{781CD85A-3A37-4E69-A384-5631CF4A5DC1}.Release|Any CPU.Build.0 = Release|Any CPU
		{841D6D50-8F1E-463B-828C-D1F6730251B7}.Debug|Any CPU.ActiveCfg = Debug|Any CPU
		{841D6D50-8F1E-463B-828C-D1F6730251B7}.Debug|Any CPU.Build.0 = Debug|Any CPU
		{841D6D50-8F1E-463B-828C-D1F6730251B7}.Release|Any CPU.ActiveCfg = Release|Any CPU
		{841D6D50-8F1E-463B-828C-D1F6730251B7}.Release|Any CPU.Build.0 = Release|Any CPU
	EndGlobalSection
EndGlobal
